
Microsoft Visual Studio Solution File, Format Version 12.00
# Visual Studio Version 17
VisualStudioVersion = 17.6.33829.357
MinimumVisualStudioVersion = 10.0.40219.1
Project("{FAE04EC0-301F-11D3-BF4B-00C04F79EFBC}") = "DapperSample.Windows.UI", "DapperSample.Windows.UI.csproj", "{0C30E4DA-F13F-441B-849F-A15AC4C82F7C}"
EndProject
Global
	GlobalSection(SolutionConfigurationPlatforms) = preSolution
		Debug|Any CPU = Debug|Any CPU
		Release|Any CPU = Release|Any CPU
	EndGlobalSection
	GlobalSection(ProjectConfigurationPlatforms) = postSolution
		{0C30E4DA-F13F-441B-849F-A15AC4C82F7C}.Debug|Any CPU.ActiveCfg = Debug|Any CPU
		{0C30E4DA-F13F-441B-849F-A15AC4C82F7C}.Debug|Any CPU.Build.0 = Debug|Any CPU
		{0C30E4DA-F13F-441B-849F-A15AC4C82F7C}.Release|Any CPU.ActiveCfg = Release|Any CPU
		{0C30E4DA-F13F-441B-849F-A15AC4C82F7C}.Release|Any CPU.Build.0 = Release|Any CPU
	EndGlobalSection
	GlobalSection(SolutionProperties) = preSolution
		HideSolutionNode = FALSE
	EndGlobalSection
	GlobalSection(ExtensibilityGlobals) = postSolution
		SolutionGuid = {9829BEA2-D84C-4650-8944-93F86DC0D98F}
	EndGlobalSection
EndGlobal
